
Microsoft Visual Studio Solution File, Format Version 12.00
# Visual Studio 2012
Project("{FAE04EC0-301F-11D3-BF4B-00C04F79EFBC}") = "ScrollListViewProblemSample", "ScrollListViewProblemSample\ScrollListViewProblemSample.csproj", "{D3FDD9C5-19AA-4CFD-96B4-FC483476AD4E}"
EndProject
Project("{FAE04EC0-301F-11D3-BF4B-00C04F79EFBC}") = "ScrollListViewProblemSample.iOS", "iOS\ScrollListViewProblemSample.iOS.csproj", "{20392C53-7585-4D37-A4A3-F976C0B4EF8F}"
EndProject
Project("{FAE04EC0-301F-11D3-BF4B-00C04F79EFBC}") = "ScrollListViewProblemSample.Droid", "Droid\ScrollListViewProblemSample.Droid.csproj", "{15EC215B-B065-4B5A-814C-FD848CA5BED0}"
EndProject
Global
	GlobalSection(SolutionConfigurationPlatforms) = preSolution
		Debug|Any CPU = Debug|Any CPU
		Release|Any CPU = Release|Any CPU
		Debug|iPhoneSimulator = Debug|iPhoneSimulator
		Release|iPhone = Release|iPhone
		Release|iPhoneSimulator = Release|iPhoneSimulator
		Debug|iPhone = Debug|iPhone
	EndGlobalSection
	GlobalSection(ProjectConfigurationPlatforms) = postSolution
		{D3FDD9C5-19AA-4CFD-96B4-FC483476AD4E}.Debug|Any CPU.ActiveCfg = Debug|Any CPU
		{D3FDD9C5-19AA-4CFD-96B4-FC483476AD4E}.Debug|Any CPU.Build.0 = Debug|Any CPU
		{D3FDD9C5-19AA-4CFD-96B4-FC483476AD4E}.Release|Any CPU.ActiveCfg = Release|Any CPU
		{D3FDD9C5-19AA-4CFD-96B4-FC483476AD4E}.Release|Any CPU.Build.0 = Release|Any CPU
		{D3FDD9C5-19AA-4CFD-96B4-FC483476AD4E}.Debug|iPhoneSimulator.ActiveCfg = Debug|Any CPU
		{D3FDD9C5-19AA-4CFD-96B4-FC483476AD4E}.Debug|iPhoneSimulator.Build.0 = Debug|Any CPU
		{D3FDD9C5-19AA-4CFD-96B4-FC483476AD4E}.Release|iPhone.ActiveCfg = Release|Any CPU
		{D3FDD9C5-19AA-4CFD-96B4-FC483476AD4E}.Release|iPhone.Build.0 = Release|Any CPU
		{D3FDD9C5-19AA-4CFD-96B4-FC483476AD4E}.Release|iPhoneSimulator.ActiveCfg = Release|Any CPU
		{D3FDD9C5-19AA-4CFD-96B4-FC483476AD4E}.Release|iPhoneSimulator.Build.0 = Release|Any CPU
		{D3FDD9C5-19AA-4CFD-96B4-FC483476AD4E}.Debug|iPhone.ActiveCfg = Debug|Any CPU
		{D3FDD9C5-19AA-4CFD-96B4-FC483476AD4E}.Debug|iPhone.Build.0 = Debug|Any CPU
		{20392C53-7585-4D37-A4A3-F976C0B4EF8F}.Debug|Any CPU.ActiveCfg = Debug|iPhoneSimulator
		{20392C53-7585-4D37-A4A3-F976C0B4EF8F}.Debug|Any CPU.Build.0 = Debug|iPhoneSimulator
		{20392C53-7585-4D37-A4A3-F976C0B4EF8F}.Release|Any CPU.ActiveCfg = Release|iPhone
		{20392C53-7585-4D37-A4A3-F976C0B4EF8F}.Release|Any CPU.Build.0 = Release|iPhone
		{20392C53-7585-4D37-A4A3-F976C0B4EF8F}.Debug|iPhoneSimulator.ActiveCfg = Debug|iPhoneSimulator
		{20392C53-7585-4D37-A4A3-F976C0B4EF8F}.Debug|iPhoneSimulator.Build.0 = Debug|iPhoneSimulator
		{20392C53-7585-4D37-A4A3-F976C0B4EF8F}.Release|iPhone.ActiveCfg = Release|iPhone
		{20392C53-7585-4D37-A4A3-F976C0B4EF8F}.Release|iPhone.Build.0 = Release|iPhone
		{20392C53-7585-4D37-A4A3-F976C0B4EF8F}.Release|iPhoneSimulator.ActiveCfg = Release|iPhoneSimulator
		{20392C53-7585-4D37-A4A3-F976C0B4EF8F}.Release|iPhoneSimulator.Build.0 = Release|iPhoneSimulator
		{20392C53-7585-4D37-A4A3-F976C0B4EF8F}.Debug|iPhone.ActiveCfg = Debug|iPhone
		{20392C53-7585-4D37-A4A3-F976C0B4EF8F}.Debug|iPhone.Build.0 = Debug|iPhone
		{15EC215B-B065-4B5A-814C-FD848CA5BED0}.Debug|Any CPU.ActiveCfg = Debug|Any CPU
		{15EC215B-B065-4B5A-814C-FD848CA5BED0}.Debug|Any CPU.Build.0 = Debug|Any CPU
		{15EC215B-B065-4B5A-814C-FD848CA5BED0}.Release|Any CPU.ActiveCfg = Release|Any CPU
		{15EC215B-B065-4B5A-814C-FD848CA5BED0}.Release|Any CPU.Build.0 = Release|Any CPU
		{15EC215B-B065-4B5A-814C-FD848CA5BED0}.Debug|iPhoneSimulator.ActiveCfg = Debug|Any CPU
		{15EC215B-B065-4B5A-814C-FD848CA5BED0}.Debug|iPhoneSimulator.Build.0 = Debug|Any CPU
		{15EC215B-B065-4B5A-814C-FD848CA5BED0}.Release|iPhone.ActiveCfg = Release|Any CPU
		{15EC215B-B065-4B5A-814C-FD848CA5BED0}.Release|iPhone.Build.0 = Release|Any CPU
		{15EC215B-B065-4B5A-814C-FD848CA5BED0}.Release|iPhoneSimulator.ActiveCfg = Release|Any CPU
		{15EC215B-B065-4B5A-814C-FD848CA5BED0}.Release|iPhoneSimulator.Build.0 = Release|Any CPU
		{15EC215B-B065-4B5A-814C-FD848CA5BED0}.Debug|iPhone.ActiveCfg = Debug|Any CPU
		{15EC215B-B065-4B5A-814C-FD848CA5BED0}.Debug|iPhone.Build.0 = Debug|Any CPU
	EndGlobalSection
EndGlobal
